
Microsoft Visual Studio Solution File, Format Version 12.00
# Visual Studio Version 17
VisualStudioVersion = 17.10.35027.167
MinimumVisualStudioVersion = 10.0.40219.1
Project("{FAE04EC0-301F-11D3-BF4B-00C04F79EFBC}") = "TableStorageConsoleApp", "TableStorageConsoleApp\TableStorageConsoleApp.csproj", "{C2F19247-A404-4F60-9AED-F6DF8E940762}"
EndProject
Global
	GlobalSection(SolutionConfigurationPlatforms) = preSolution
		Debug|Any CPU = Debug|Any CPU
		Release|Any CPU = Release|Any CPU
	EndGlobalSection
	GlobalSection(ProjectConfigurationPlatforms) = postSolution
		{C2F19247-A404-4F60-9AED-F6DF8E940762}.Debug|Any CPU.ActiveCfg = Debug|Any CPU
		{C2F19247-A404-4F60-9AED-F6DF8E940762}.Debug|Any CPU.Build.0 = Debug|Any CPU
		{C2F19247-A404-4F60-9AED-F6DF8E940762}.Release|Any CPU.ActiveCfg = Release|Any CPU
		{C2F19247-A404-4F60-9AED-F6DF8E940762}.Release|Any CPU.Build.0 = Release|Any CPU
	EndGlobalSection
	GlobalSection(SolutionProperties) = preSolution
		HideSolutionNode = FALSE
	EndGlobalSection
	GlobalSection(ExtensibilityGlobals) = postSolution
		SolutionGuid = {1398AFD7-F5A4-4567-8B30-164E753934A9}
	EndGlobalSection
EndGlobal
