
Microsoft Visual Studio Solution File, Format Version 12.00
# Visual Studio Version 17
VisualStudioVersion = 17.11.34929.205
MinimumVisualStudioVersion = 10.0.40219.1
Project("{9A19103F-16F7-4668-BE54-9A1E7A4F7556}") = "DurableFunctionsChapter07", "DurableFunctionsChapter07\DurableFunctionsChapter07.csproj", "{3EE14272-53F4-434F-BDF6-92438CB13CCB}"
EndProject
Global
	GlobalSection(SolutionConfigurationPlatforms) = preSolution
		Debug|Any CPU = Debug|Any CPU
		Release|Any CPU = Release|Any CPU
	EndGlobalSection
	GlobalSection(ProjectConfigurationPlatforms) = postSolution
		{3EE14272-53F4-434F-BDF6-92438CB13CCB}.Debug|Any CPU.ActiveCfg = Debug|Any CPU
		{3EE14272-53F4-434F-BDF6-92438CB13CCB}.Debug|Any CPU.Build.0 = Debug|Any CPU
		{3EE14272-53F4-434F-BDF6-92438CB13CCB}.Release|Any CPU.ActiveCfg = Release|Any CPU
		{3EE14272-53F4-434F-BDF6-92438CB13CCB}.Release|Any CPU.Build.0 = Release|Any CPU
	EndGlobalSection
	GlobalSection(SolutionProperties) = preSolution
		HideSolutionNode = FALSE
	EndGlobalSection
	GlobalSection(ExtensibilityGlobals) = postSolution
		SolutionGuid = {604EC3DD-D9B1-4F93-A870-E54BEF38F813}
	EndGlobalSection
EndGlobal
